
Microsoft Visual Studio Solution File, Format Version 12.00
# Visual Studio Version 17
VisualStudioVersion = 17.8.34004.107
MinimumVisualStudioVersion = 10.0.40219.1
Project("{9A19103F-16F7-4668-BE54-9A1E7A4F7556}") = "NodeKiller", "NodeKiller\NodeKiller.csproj", "{31E33EAB-B201-4FE5-98E4-F8EB7AAE9A9F}"
EndProject
Global
	GlobalSection(SolutionConfigurationPlatforms) = preSolution
		Debug|Any CPU = Debug|Any CPU
		Release|Any CPU = Release|Any CPU
	EndGlobalSection
	GlobalSection(ProjectConfigurationPlatforms) = postSolution
		{31E33EAB-B201-4FE5-98E4-F8EB7AAE9A9F}.Debug|Any CPU.ActiveCfg = Debug|Any CPU
		{31E33EAB-B201-4FE5-98E4-F8EB7AAE9A9F}.Debug|Any CPU.Build.0 = Debug|Any CPU
		{31E33EAB-B201-4FE5-98E4-F8EB7AAE9A9F}.Release|Any CPU.ActiveCfg = Release|Any CPU
		{31E33EAB-B201-4FE5-98E4-F8EB7AAE9A9F}.Release|Any CPU.Build.0 = Release|Any CPU
	EndGlobalSection
	GlobalSection(SolutionProperties) = preSolution
		HideSolutionNode = FALSE
	EndGlobalSection
	GlobalSection(ExtensibilityGlobals) = postSolution
		SolutionGuid = {14D38534-7C87-46BC-AC4D-FDC03EB06E94}
	EndGlobalSection
EndGlobal
